
Microsoft Visual Studio Solution File, Format Version 12.00
# Visual Studio Version 17
VisualStudioVersion = 17.6.33829.357
MinimumVisualStudioVersion = 10.0.40219.1
Project("{FAE04EC0-301F-11D3-BF4B-00C04F79EFBC}") = "Csharp_dánhachten", "Csharp_dánhachten.csproj", "{94298CB6-E075-4AD2-A353-07BC8DC86EFB}"
EndProject
Global
	GlobalSection(SolutionConfigurationPlatforms) = preSolution
		Debug|Any CPU = Debug|Any CPU
		Release|Any CPU = Release|Any CPU
	EndGlobalSection
	GlobalSection(ProjectConfigurationPlatforms) = postSolution
		{94298CB6-E075-4AD2-A353-07BC8DC86EFB}.Debug|Any CPU.ActiveCfg = Debug|Any CPU
		{94298CB6-E075-4AD2-A353-07BC8DC86EFB}.Debug|Any CPU.Build.0 = Debug|Any CPU
		{94298CB6-E075-4AD2-A353-07BC8DC86EFB}.Release|Any CPU.ActiveCfg = Release|Any CPU
		{94298CB6-E075-4AD2-A353-07BC8DC86EFB}.Release|Any CPU.Build.0 = Release|Any CPU
	EndGlobalSection
	GlobalSection(SolutionProperties) = preSolution
		HideSolutionNode = FALSE
	EndGlobalSection
	GlobalSection(ExtensibilityGlobals) = postSolution
		SolutionGuid = {D447BA94-325E-437C-8179-C2F199A18805}
	EndGlobalSection
EndGlobal
